
Microsoft Visual Studio Solution File, Format Version 12.00
# Visual Studio 15
Project("{FAE04EC0-301F-11D3-BF4B-00C04F79EFBC}") = "Unity.Timeline", "Unity.Timeline.csproj", "{4DADC447-808D-2E10-D128-883E9AA392CD}"
EndProject
Project("{FAE04EC0-301F-11D3-BF4B-00C04F79EFBC}") = "Unity.RenderPipelines.GPUDriven.Runtime", "Unity.RenderPipelines.GPUDriven.Runtime.csproj", "{F8CE39C7-2A95-7780-D204-B565F8433A8B}"
EndProject
Project("{FAE04EC0-301F-11D3-BF4B-00C04F79EFBC}") = "Unity.PlasticSCM.Editor", "Unity.PlasticSCM.Editor.csproj", "{0F51482F-4308-B2F5-F992-F17D31922B31}"
EndProject
Project("{FAE04EC0-301F-11D3-BF4B-00C04F79EFBC}") = "Unity.ShaderGraph.Editor", "Unity.ShaderGraph.Editor.csproj", "{8DD89590-17CE-75BE-5BAC-F9ED5FD623B2}"
EndProject
Project("{FAE04EC0-301F-11D3-BF4B-00C04F79EFBC}") = "Unity.RenderPipelines.Core.Runtime", "Unity.RenderPipelines.Core.Runtime.csproj", "{651E6B17-1D59-5FF7-AD7D-CF417B843F04}"
EndProject
Project("{FAE04EC0-301F-11D3-BF4B-00C04F79EFBC}") = "Unity.Mathematics", "Unity.Mathematics.csproj", "{EF45CDAC-8E2B-E6E6-DFE3-8C6F799D8416}"
EndProject
Project("{FAE04EC0-301F-11D3-BF4B-00C04F79EFBC}") = "Unity.Timeline.Editor", "Unity.Timeline.Editor.csproj", "{37D0646F-EF3A-5EEE-C948-D0CEF938991A}"
EndProject
Project("{FAE04EC0-301F-11D3-BF4B-00C04F79EFBC}") = "Unity.Multiplayer.Center.Editor", "Unity.Multiplayer.Center.Editor.csproj", "{8E56304A-D697-F8D9-9716-16FFFA728247}"
EndProject
Project("{FAE04EC0-301F-11D3-BF4B-00C04F79EFBC}") = "Unity.RenderPipelines.Core.Editor", "Unity.RenderPipelines.Core.Editor.csproj", "{93B9C2B2-BD39-25AF-2A11-46CB4783BE02}"
EndProject
Project("{FAE04EC0-301F-11D3-BF4B-00C04F79EFBC}") = "Unity.Collections", "Unity.Collections.csproj", "{81BC0738-FC89-F389-E443-24D1D7FB398C}"
EndProject
Project("{FAE04EC0-301F-11D3-BF4B-00C04F79EFBC}") = "UnityEngine.UI", "UnityEngine.UI.csproj", "{E06749F2-CDB0-045C-7708-41E6CF217D1D}"
EndProject
Project("{FAE04EC0-301F-11D3-BF4B-00C04F79EFBC}") = "Unity.RenderPipelines.Universal.2D.Runtime", "Unity.RenderPipelines.Universal.2D.Runtime.csproj", "{BEAD4014-8B81-CFEF-6096-36ACF3EA9E38}"
EndProject
Project("{FAE04EC0-301F-11D3-BF4B-00C04F79EFBC}") = "Unity.VisualScripting.Core.Editor", "Unity.VisualScripting.Core.Editor.csproj", "{0C268490-EC9D-DBF5-54F3-0948A44E5EF0}"
EndProject
Project("{FAE04EC0-301F-11D3-BF4B-00C04F79EFBC}") = "Unity.RenderPipelines.Universal.Editor", "Unity.RenderPipelines.Universal.Editor.csproj", "{A795B8C0-788F-D918-0DCF-BD1EC5FF220C}"
EndProject
Project("{FAE04EC0-301F-11D3-BF4B-00C04F79EFBC}") = "Unity.PerformanceTesting.Editor", "Unity.PerformanceTesting.Editor.csproj", "{FDE25743-EEEC-F15B-9F12-FC2ABC81629E}"
EndProject
Project("{FAE04EC0-301F-11D3-BF4B-00C04F79EFBC}") = "UnityEngine.TestRunner", "UnityEngine.TestRunner.csproj", "{4AFA835D-07A6-3C82-E150-2A780368AB79}"
EndProject
Project("{FAE04EC0-301F-11D3-BF4B-00C04F79EFBC}") = "Unity.Burst", "Unity.Burst.csproj", "{625AAD38-45C6-757C-462B-B27D2D242304}"
EndProject
Project("{FAE04EC0-301F-11D3-BF4B-00C04F79EFBC}") = "Unity.VisualScripting.Flow.Editor", "Unity.VisualScripting.Flow.Editor.csproj", "{6C2D9448-4218-49E2-D9C8-012A57D26BC5}"
EndProject
Project("{FAE04EC0-301F-11D3-BF4B-00C04F79EFBC}") = "Unity.VisualStudio.Editor", "Unity.VisualStudio.Editor.csproj", "{51B773D2-02B5-1550-C892-5C34C5742C0F}"
EndProject
Project("{FAE04EC0-301F-11D3-BF4B-00C04F79EFBC}") = "Unity.InputSystem", "Unity.InputSystem.csproj", "{AD51DA1D-F041-C947-48F9-296AF7464548}"
EndProject
Project("{FAE04EC0-301F-11D3-BF4B-00C04F79EFBC}") = "PPv2URPConverters", "PPv2URPConverters.csproj", "{AB871FA0-3F7B-91C9-0EA7-168EBAE7D579}"
EndProject
Project("{FAE04EC0-301F-11D3-BF4B-00C04F79EFBC}") = "Unity.Searcher.Editor", "Unity.Searcher.Editor.csproj", "{12DBB222-6899-E723-48E2-429CCDA82939}"
EndProject
Project("{FAE04EC0-301F-11D3-BF4B-00C04F79EFBC}") = "UnityEditor.TestRunner", "UnityEditor.TestRunner.csproj", "{2F1E60BD-8D52-7123-B477-585F3DA11A4C}"
EndProject
Project("{FAE04EC0-301F-11D3-BF4B-00C04F79EFBC}") = "Unity.VisualScripting.Core", "Unity.VisualScripting.Core.csproj", "{EC08B8AE-19D1-AB17-9E1F-51AC47900D10}"
EndProject
Project("{FAE04EC0-301F-11D3-BF4B-00C04F79EFBC}") = "Unity.RenderPipelines.Universal.Runtime", "Unity.RenderPipelines.Universal.Runtime.csproj", "{22E8A9EB-14FE-A82A-D401-1EA3024BF43D}"
EndProject
Project("{FAE04EC0-301F-11D3-BF4B-00C04F79EFBC}") = "Unity.CollabProxy.Editor", "Unity.CollabProxy.Editor.csproj", "{14D7E9A1-4D1A-664F-C05C-3F797CD8AA8F}"
EndProject
Project("{FAE04EC0-301F-11D3-BF4B-00C04F79EFBC}") = "Unity.AI.Navigation.Editor.ConversionSystem", "Unity.AI.Navigation.Editor.ConversionSystem.csproj", "{A31A64F8-EE3B-FA6E-70F7-D845BEBCE790}"
EndProject
Project("{FAE04EC0-301F-11D3-BF4B-00C04F79EFBC}") = "Unity.VisualScripting.State.Editor", "Unity.VisualScripting.State.Editor.csproj", "{AD48F2DB-427C-BF4D-DB19-BAE566FDA140}"
EndProject
Project("{FAE04EC0-301F-11D3-BF4B-00C04F79EFBC}") = "Unity.Burst.CodeGen", "Unity.Burst.CodeGen.csproj", "{7BB2FB04-A389-FC88-DA21-7D36981BC22A}"
EndProject
Project("{FAE04EC0-301F-11D3-BF4B-00C04F79EFBC}") = "Unity.VisualScripting.Flow", "Unity.VisualScripting.Flow.csproj", "{E6A8753C-21D5-B28C-406F-5DB31E1FE973}"
EndProject
Project("{FAE04EC0-301F-11D3-BF4B-00C04F79EFBC}") = "Unity.PerformanceTesting", "Unity.PerformanceTesting.csproj", "{85D3A009-1CAC-6529-0235-B4816C7400F3}"
EndProject
Project("{FAE04EC0-301F-11D3-BF4B-00C04F79EFBC}") = "Unity.TextMeshPro", "Unity.TextMeshPro.csproj", "{04AEBF30-FE61-6F48-00C1-F26EC265BF23}"
EndProject
Project("{FAE04EC0-301F-11D3-BF4B-00C04F79EFBC}") = "Unity.TextMeshPro.Editor", "Unity.TextMeshPro.Editor.csproj", "{78CE01E8-7B91-C326-5DA8-17AF0DB36939}"
EndProject
Project("{FAE04EC0-301F-11D3-BF4B-00C04F79EFBC}") = "Unity.Rendering.LightTransport.Runtime", "Unity.Rendering.LightTransport.Runtime.csproj", "{7B874FB7-5B58-5579-1E15-9EF4D6276DF3}"
EndProject
Project("{FAE04EC0-301F-11D3-BF4B-00C04F79EFBC}") = "Unity.Burst.Editor", "Unity.Burst.Editor.csproj", "{8F1765D8-BEE6-A5F1-0B4C-754B9882E778}"
EndProject
Project("{FAE04EC0-301F-11D3-BF4B-00C04F79EFBC}") = "Unity.Rider.Editor", "Unity.Rider.Editor.csproj", "{3303D466-4E63-6786-DBC1-429392BAE683}"
EndProject
Project("{FAE04EC0-301F-11D3-BF4B-00C04F79EFBC}") = "Unity.VisualScripting.State", "Unity.VisualScripting.State.csproj", "{892C95CC-AD68-3E26-651E-517E89864552}"
EndProject
Project("{FAE04EC0-301F-11D3-BF4B-00C04F79EFBC}") = "Unity.AI.Navigation.Updater", "Unity.AI.Navigation.Updater.csproj", "{A579EEAF-337A-E412-AE87-BC1B7ECCF45C}"
EndProject
Project("{FAE04EC0-301F-11D3-BF4B-00C04F79EFBC}") = "UnityEditor.UI", "UnityEditor.UI.csproj", "{42BFF8F1-408E-A350-047E-553E06565ED8}"
EndProject
Project("{FAE04EC0-301F-11D3-BF4B-00C04F79EFBC}") = "Unity.AI.Navigation.Editor", "Unity.AI.Navigation.Editor.csproj", "{29B346CF-A9B3-727F-8DB3-79E6F35E03A1}"
EndProject
Project("{FAE04EC0-301F-11D3-BF4B-00C04F79EFBC}") = "Unity.Multiplayer.Center.Common", "Unity.Multiplayer.Center.Common.csproj", "{F6608389-9C88-FD6C-8F06-48C33C91088D}"
EndProject
Project("{FAE04EC0-301F-11D3-BF4B-00C04F79EFBC}") = "Unity.InputSystem.ForUI", "Unity.InputSystem.ForUI.csproj", "{0A817EAD-423E-3DD2-95C5-9BB50598842E}"
EndProject
Project("{FAE04EC0-301F-11D3-BF4B-00C04F79EFBC}") = "Unity.AI.Navigation", "Unity.AI.Navigation.csproj", "{32CC4F94-F224-8A5A-AB3F-FB3046483B9C}"
EndProject
Project("{FAE04EC0-301F-11D3-BF4B-00C04F79EFBC}") = "Unity.Collections.CodeGen", "Unity.Collections.CodeGen.csproj", "{57AD9B52-74CC-B1BD-D157-841E0C21C224}"
EndProject
Project("{FAE04EC0-301F-11D3-BF4B-00C04F79EFBC}") = "Unity.Mathematics.Editor", "Unity.Mathematics.Editor.csproj", "{1A6BCDFD-132A-7C26-6ABC-A7862BDD1815}"
EndProject
Project("{FAE04EC0-301F-11D3-BF4B-00C04F79EFBC}") = "Unity.VisualScripting.SettingsProvider.Editor", "Unity.VisualScripting.SettingsProvider.Editor.csproj", "{46492EB2-0E13-F8B2-7F0E-EB0578290FB0}"
EndProject
Project("{FAE04EC0-301F-11D3-BF4B-00C04F79EFBC}") = "Assembly-CSharp-Editor", "Assembly-CSharp-Editor.csproj", "{103A74E6-8EEE-7E1E-79F0-F89FF202FBF2}"
EndProject
Project("{FAE04EC0-301F-11D3-BF4B-00C04F79EFBC}") = "Unity.InputSystem.TestFramework", "Unity.InputSystem.TestFramework.csproj", "{C44ADEA0-F014-4062-ECEC-EDFFB00C49AC}"
EndProject
Project("{FAE04EC0-301F-11D3-BF4B-00C04F79EFBC}") = "Unity.ShaderGraph.Utilities", "Unity.ShaderGraph.Utilities.csproj", "{CC69FAC7-7942-2DE5-E393-9E624CAB82E4}"
EndProject
Project("{FAE04EC0-301F-11D3-BF4B-00C04F79EFBC}") = "Unity.VisualScripting.Shared.Editor", "Unity.VisualScripting.Shared.Editor.csproj", "{A4776B63-1920-67F3-2498-15B559E767FA}"
EndProject
Project("{FAE04EC0-301F-11D3-BF4B-00C04F79EFBC}") = "Unity.RenderPipeline.Universal.ShaderLibrary", "Unity.RenderPipeline.Universal.ShaderLibrary.csproj", "{BC8B3BFE-BCEC-7EBB-9E9A-C89977C9BE05}"
EndProject
Project("{FAE04EC0-301F-11D3-BF4B-00C04F79EFBC}") = "Unity.Rendering.LightTransport.Editor", "Unity.Rendering.LightTransport.Editor.csproj", "{6B38ADDF-9DE1-E2F5-E331-2FE9B6604A94}"
EndProject
Project("{FAE04EC0-301F-11D3-BF4B-00C04F79EFBC}") = "Unity.InputSystem.DocCodeSamples", "Unity.InputSystem.DocCodeSamples.csproj", "{BAA45C9F-ABE3-A46C-6A84-06F12A4CB5E3}"
EndProject
Project("{FAE04EC0-301F-11D3-BF4B-00C04F79EFBC}") = "Unity.RenderPipelines.Universal.Shaders", "Unity.RenderPipelines.Universal.Shaders.csproj", "{2FFA49D6-B012-FC2E-7CB4-B5AE0E0CF846}"
EndProject
Project("{FAE04EC0-301F-11D3-BF4B-00C04F79EFBC}") = "Unity.RenderPipelines.Core.Runtime.Shared", "Unity.RenderPipelines.Core.Runtime.Shared.csproj", "{6DB97364-ADB8-BB6A-D3D4-08C2DD15D894}"
EndProject
Project("{FAE04EC0-301F-11D3-BF4B-00C04F79EFBC}") = "Assembly-CSharp", "Assembly-CSharp.csproj", "{F8BAE3D4-6DC7-69BA-3026-AC62F7A4EA27}"
EndProject
Project("{FAE04EC0-301F-11D3-BF4B-00C04F79EFBC}") = "Unity.PlasticSCM.Editor.Entities", "Unity.PlasticSCM.Editor.Entities.csproj", "{2D8FECA6-F99E-DF9E-2929-88F79C9E0F46}"
EndProject
Project("{FAE04EC0-301F-11D3-BF4B-00C04F79EFBC}") = "Unity.Collections.Editor", "Unity.Collections.Editor.csproj", "{CF3B0CE3-EF0D-CBC7-EE26-DAAFFAB4D5E7}"
EndProject
Project("{FAE04EC0-301F-11D3-BF4B-00C04F79EFBC}") = "Unity.RenderPipelines.Universal.Config.Runtime", "Unity.RenderPipelines.Universal.Config.Runtime.csproj", "{C2FFA264-5C22-CF33-C8AD-ABA461F8899C}"
EndProject
Project("{FAE04EC0-301F-11D3-BF4B-00C04F79EFBC}") = "Unity.RenderPipelines.ShaderGraph.ShaderGraphLibrary", "Unity.RenderPipelines.ShaderGraph.ShaderGraphLibrary.csproj", "{2EEC1852-8B02-E0D1-F522-D5623BFC11A0}"
EndProject
Project("{FAE04EC0-301F-11D3-BF4B-00C04F79EFBC}") = "Unity.RenderPipelines.Core.ShaderLibrary", "Unity.RenderPipelines.Core.ShaderLibrary.csproj", "{91D5A2FA-C416-6483-5C56-CAA8C9B8E4FD}"
EndProject
Project("{FAE04EC0-301F-11D3-BF4B-00C04F79EFBC}") = "Unity.RenderPipelines.Core.Editor.Shared", "Unity.RenderPipelines.Core.Editor.Shared.csproj", "{83ADCE60-275B-A2E3-E66E-3C2F72295ADE}"
EndProject
Global
	GlobalSection(SolutionConfigurationPlatforms) = preSolution
		Debug|Any CPU = Debug|Any CPU
		Release|Any CPU = Release|Any CPU
	EndGlobalSection
	GlobalSection(ProjectConfigurationPlatforms) = postSolution
		{4DADC447-808D-2E10-D128-883E9AA392CD}.Debug|Any CPU.ActiveCfg = Debug|Any CPU
		{4DADC447-808D-2E10-D128-883E9AA392CD}.Debug|Any CPU.Build.0 = Debug|Any CPU
		{4DADC447-808D-2E10-D128-883E9AA392CD}.Release|Any CPU.ActiveCfg = Release|Any CPU
		{4DADC447-808D-2E10-D128-883E9AA392CD}.Release|Any CPU.Build.0 = Release|Any CPU
		{F8CE39C7-2A95-7780-D204-B565F8433A8B}.Debug|Any CPU.ActiveCfg = Debug|Any CPU
		{F8CE39C7-2A95-7780-D204-B565F8433A8B}.Debug|Any CPU.Build.0 = Debug|Any CPU
		{F8CE39C7-2A95-7780-D204-B565F8433A8B}.Release|Any CPU.ActiveCfg = Release|Any CPU
		{F8CE39C7-2A95-7780-D204-B565F8433A8B}.Release|Any CPU.Build.0 = Release|Any CPU
		{0F51482F-4308-B2F5-F992-F17D31922B31}.Debug|Any CPU.ActiveCfg = Debug|Any CPU
		{0F51482F-4308-B2F5-F992-F17D31922B31}.Debug|Any CPU.Build.0 = Debug|Any CPU
		{0F51482F-4308-B2F5-F992-F17D31922B31}.Release|Any CPU.ActiveCfg = Release|Any CPU
		{0F51482F-4308-B2F5-F992-F17D31922B31}.Release|Any CPU.Build.0 = Release|Any CPU
		{8DD89590-17CE-75BE-5BAC-F9ED5FD623B2}.Debug|Any CPU.ActiveCfg = Debug|Any CPU
		{8DD89590-17CE-75BE-5BAC-F9ED5FD623B2}.Debug|Any CPU.Build.0 = Debug|Any CPU
		{8DD89590-17CE-75BE-5BAC-F9ED5FD623B2}.Release|Any CPU.ActiveCfg = Release|Any CPU
		{8DD89590-17CE-75BE-5BAC-F9ED5FD623B2}.Release|Any CPU.Build.0 = Release|Any CPU
		{651E6B17-1D59-5FF7-AD7D-CF417B843F04}.Debug|Any CPU.ActiveCfg = Debug|Any CPU
		{651E6B17-1D59-5FF7-AD7D-CF417B843F04}.Debug|Any CPU.Build.0 = Debug|Any CPU
		{651E6B17-1D59-5FF7-AD7D-CF417B843F04}.Release|Any CPU.ActiveCfg = Release|Any CPU
		{651E6B17-1D59-5FF7-AD7D-CF417B843F04}.Release|Any CPU.Build.0 = Release|Any CPU
		{EF45CDAC-8E2B-E6E6-DFE3-8C6F799D8416}.Debug|Any CPU.ActiveCfg = Debug|Any CPU
		{EF45CDAC-8E2B-E6E6-DFE3-8C6F799D8416}.Debug|Any CPU.Build.0 = Debug|Any CPU
		{EF45CDAC-8E2B-E6E6-DFE3-8C6F799D8416}.Release|Any CPU.ActiveCfg = Release|Any CPU
		{EF45CDAC-8E2B-E6E6-DFE3-8C6F799D8416}.Release|Any CPU.Build.0 = Release|Any CPU
		{37D0646F-EF3A-5EEE-C948-D0CEF938991A}.Debug|Any CPU.ActiveCfg = Debug|Any CPU
		{37D0646F-EF3A-5EEE-C948-D0CEF938991A}.Debug|Any CPU.Build.0 = Debug|Any CPU
		{37D0646F-EF3A-5EEE-C948-D0CEF938991A}.Release|Any CPU.ActiveCfg = Release|Any CPU
		{37D0646F-EF3A-5EEE-C948-D0CEF938991A}.Release|Any CPU.Build.0 = Release|Any CPU
		{8E56304A-D697-F8D9-9716-16FFFA728247}.Debug|Any CPU.ActiveCfg = Debug|Any CPU
		{8E56304A-D697-F8D9-9716-16FFFA728247}.Debug|Any CPU.Build.0 = Debug|Any CPU
		{8E56304A-D697-F8D9-9716-16FFFA728247}.Release|Any CPU.ActiveCfg = Release|Any CPU
		{8E56304A-D697-F8D9-9716-16FFFA728247}.Release|Any CPU.Build.0 = Release|Any CPU
		{93B9C2B2-BD39-25AF-2A11-46CB4783BE02}.Debug|Any CPU.ActiveCfg = Debug|Any CPU
		{93B9C2B2-BD39-25AF-2A11-46CB4783BE02}.Debug|Any CPU.Build.0 = Debug|Any CPU
		{93B9C2B2-BD39-25AF-2A11-46CB4783BE02}.Release|Any CPU.ActiveCfg = Release|Any CPU
		{93B9C2B2-BD39-25AF-2A11-46CB4783BE02}.Release|Any CPU.Build.0 = Release|Any CPU
		{81BC0738-FC89-F389-E443-24D1D7FB398C}.Debug|Any CPU.ActiveCfg = Debug|Any CPU
		{81BC0738-FC89-F389-E443-24D1D7FB398C}.Debug|Any CPU.Build.0 = Debug|Any CPU
		{81BC0738-FC89-F389-E443-24D1D7FB398C}.Release|Any CPU.ActiveCfg = Release|Any CPU
		{81BC0738-FC89-F389-E443-24D1D7FB398C}.Release|Any CPU.Build.0 = Release|Any CPU
		{E06749F2-CDB0-045C-7708-41E6CF217D1D}.Debug|Any CPU.ActiveCfg = Debug|Any CPU
		{E06749F2-CDB0-045C-7708-41E6CF217D1D}.Debug|Any CPU.Build.0 = Debug|Any CPU
		{E06749F2-CDB0-045C-7708-41E6CF217D1D}.Release|Any CPU.ActiveCfg = Release|Any CPU
		{E06749F2-CDB0-045C-7708-41E6CF217D1D}.Release|Any CPU.Build.0 = Release|Any CPU
		{BEAD4014-8B81-CFEF-6096-36ACF3EA9E38}.Debug|Any CPU.ActiveCfg = Debug|Any CPU
		{BEAD4014-8B81-CFEF-6096-36ACF3EA9E38}.Debug|Any CPU.Build.0 = Debug|Any CPU
		{BEAD4014-8B81-CFEF-6096-36ACF3EA9E38}.Release|Any CPU.ActiveCfg = Release|Any CPU
		{BEAD4014-8B81-CFEF-6096-36ACF3EA9E38}.Release|Any CPU.Build.0 = Release|Any CPU
		{0C268490-EC9D-DBF5-54F3-0948A44E5EF0}.Debug|Any CPU.ActiveCfg = Debug|Any CPU
		{0C268490-EC9D-DBF5-54F3-0948A44E5EF0}.Debug|Any CPU.Build.0 = Debug|Any CPU
		{0C268490-EC9D-DBF5-54F3-0948A44E5EF0}.Release|Any CPU.ActiveCfg = Release|Any CPU
		{0C268490-EC9D-DBF5-54F3-0948A44E5EF0}.Release|Any CPU.Build.0 = Release|Any CPU
		{A795B8C0-788F-D918-0DCF-BD1EC5FF220C}.Debug|Any CPU.ActiveCfg = Debug|Any CPU
		{A795B8C0-788F-D918-0DCF-BD1EC5FF220C}.Debug|Any CPU.Build.0 = Debug|Any CPU
		{A795B8C0-788F-D918-0DCF-BD1EC5FF220C}.Release|Any CPU.ActiveCfg = Release|Any CPU
		{A795B8C0-788F-D918-0DCF-BD1EC5FF220C}.Release|Any CPU.Build.0 = Release|Any CPU
		{FDE25743-EEEC-F15B-9F12-FC2ABC81629E}.Debug|Any CPU.ActiveCfg = Debug|Any CPU
		{FDE25743-EEEC-F15B-9F12-FC2ABC81629E}.Debug|Any CPU.Build.0 = Debug|Any CPU
		{FDE25743-EEEC-F15B-9F12-FC2ABC81629E}.Release|Any CPU.ActiveCfg = Release|Any CPU
		{FDE25743-EEEC-F15B-9F12-FC2ABC81629E}.Release|Any CPU.Build.0 = Release|Any CPU
		{4AFA835D-07A6-3C82-E150-2A780368AB79}.Debug|Any CPU.ActiveCfg = Debug|Any CPU
		{4AFA835D-07A6-3C82-E150-2A780368AB79}.Debug|Any CPU.Build.0 = Debug|Any CPU
		{4AFA835D-07A6-3C82-E150-2A780368AB79}.Release|Any CPU.ActiveCfg = Release|Any CPU
		{4AFA835D-07A6-3C82-E150-2A780368AB79}.Release|Any CPU.Build.0 = Release|Any CPU
		{625AAD38-45C6-757C-462B-B27D2D242304}.Debug|Any CPU.ActiveCfg = Debug|Any CPU
		{625AAD38-45C6-757C-462B-B27D2D242304}.Debug|Any CPU.Build.0 = Debug|Any CPU
		{625AAD38-45C6-757C-462B-B27D2D242304}.Release|Any CPU.ActiveCfg = Release|Any CPU
		{625AAD38-45C6-757C-462B-B27D2D242304}.Release|Any CPU.Build.0 = Release|Any CPU
		{6C2D9448-4218-49E2-D9C8-012A57D26BC5}.Debug|Any CPU.ActiveCfg = Debug|Any CPU
		{6C2D9448-4218-49E2-D9C8-012A57D26BC5}.Debug|Any CPU.Build.0 = Debug|Any CPU
		{6C2D9448-4218-49E2-D9C8-012A57D26BC5}.Release|Any CPU.ActiveCfg = Release|Any CPU
		{6C2D9448-4218-49E2-D9C8-012A57D26BC5}.Release|Any CPU.Build.0 = Release|Any CPU
		{51B773D2-02B5-1550-C892-5C34C5742C0F}.Debug|Any CPU.ActiveCfg = Debug|Any CPU
		{51B773D2-02B5-1550-C892-5C34C5742C0F}.Debug|Any CPU.Build.0 = Debug|Any CPU
		{51B773D2-02B5-1550-C892-5C34C5742C0F}.Release|Any CPU.ActiveCfg = Release|Any CPU
		{51B773D2-02B5-1550-C892-5C34C5742C0F}.Release|Any CPU.Build.0 = Release|Any CPU
		{AD51DA1D-F041-C947-48F9-296AF7464548}.Debug|Any CPU.ActiveCfg = Debug|Any CPU
		{AD51DA1D-F041-C947-48F9-296AF7464548}.Debug|Any CPU.Build.0 = Debug|Any CPU
		{AD51DA1D-F041-C947-48F9-296AF7464548}.Release|Any CPU.ActiveCfg = Release|Any CPU
		{AD51DA1D-F041-C947-48F9-296AF7464548}.Release|Any CPU.Build.0 = Release|Any CPU
		{AB871FA0-3F7B-91C9-0EA7-168EBAE7D579}.Debug|Any CPU.ActiveCfg = Debug|Any CPU
		{AB871FA0-3F7B-91C9-0EA7-168EBAE7D579}.Debug|Any CPU.Build.0 = Debug|Any CPU
		{AB871FA0-3F7B-91C9-0EA7-168EBAE7D579}.Release|Any CPU.ActiveCfg = Release|Any CPU
		{AB871FA0-3F7B-91C9-0EA7-168EBAE7D579}.Release|Any CPU.Build.0 = Release|Any CPU
		{12DBB222-6899-E723-48E2-429CCDA82939}.Debug|Any CPU.ActiveCfg = Debug|Any CPU
		{12DBB222-6899-E723-48E2-429CCDA82939}.Debug|Any CPU.Build.0 = Debug|Any CPU
		{12DBB222-6899-E723-48E2-429CCDA82939}.Release|Any CPU.ActiveCfg = Release|Any CPU
		{12DBB222-6899-E723-48E2-429CCDA82939}.Release|Any CPU.Build.0 = Release|Any CPU
		{2F1E60BD-8D52-7123-B477-585F3DA11A4C}.Debug|Any CPU.ActiveCfg = Debug|Any CPU
		{2F1E60BD-8D52-7123-B477-585F3DA11A4C}.Debug|Any CPU.Build.0 = Debug|Any CPU
		{2F1E60BD-8D52-7123-B477-585F3DA11A4C}.Release|Any CPU.ActiveCfg = Release|Any CPU
		{2F1E60BD-8D52-7123-B477-585F3DA11A4C}.Release|Any CPU.Build.0 = Release|Any CPU
		{EC08B8AE-19D1-AB17-9E1F-51AC47900D10}.Debug|Any CPU.ActiveCfg = Debug|Any CPU
		{EC08B8AE-19D1-AB17-9E1F-51AC47900D10}.Debug|Any CPU.Build.0 = Debug|Any CPU
		{EC08B8AE-19D1-AB17-9E1F-51AC47900D10}.Release|Any CPU.ActiveCfg = Release|Any CPU
		{EC08B8AE-19D1-AB17-9E1F-51AC47900D10}.Release|Any CPU.Build.0 = Release|Any CPU
		{22E8A9EB-14FE-A82A-D401-1EA3024BF43D}.Debug|Any CPU.ActiveCfg = Debug|Any CPU
		{22E8A9EB-14FE-A82A-D401-1EA3024BF43D}.Debug|Any CPU.Build.0 = Debug|Any CPU
		{22E8A9EB-14FE-A82A-D401-1EA3024BF43D}.Release|Any CPU.ActiveCfg = Release|Any CPU
		{22E8A9EB-14FE-A82A-D401-1EA3024BF43D}.Release|Any CPU.Build.0 = Release|Any CPU
		{14D7E9A1-4D1A-664F-C05C-3F797CD8AA8F}.Debug|Any CPU.ActiveCfg = Debug|Any CPU
		{14D7E9A1-4D1A-664F-C05C-3F797CD8AA8F}.Debug|Any CPU.Build.0 = Debug|Any CPU
		{14D7E9A1-4D1A-664F-C05C-3F797CD8AA8F}.Release|Any CPU.ActiveCfg = Release|Any CPU
		{14D7E9A1-4D1A-664F-C05C-3F797CD8AA8F}.Release|Any CPU.Build.0 = Release|Any CPU
		{A31A64F8-EE3B-FA6E-70F7-D845BEBCE790}.Debug|Any CPU.ActiveCfg = Debug|Any CPU
		{A31A64F8-EE3B-FA6E-70F7-D845BEBCE790}.Debug|Any CPU.Build.0 = Debug|Any CPU
		{A31A64F8-EE3B-FA6E-70F7-D845BEBCE790}.Release|Any CPU.ActiveCfg = Release|Any CPU
		{A31A64F8-EE3B-FA6E-70F7-D845BEBCE790}.Release|Any CPU.Build.0 = Release|Any CPU
		{AD48F2DB-427C-BF4D-DB19-BAE566FDA140}.Debug|Any CPU.ActiveCfg = Debug|Any CPU
		{AD48F2DB-427C-BF4D-DB19-BAE566FDA140}.Debug|Any CPU.Build.0 = Debug|Any CPU
		{AD48F2DB-427C-BF4D-DB19-BAE566FDA140}.Release|Any CPU.ActiveCfg = Release|Any CPU
		{AD48F2DB-427C-BF4D-DB19-BAE566FDA140}.Release|Any CPU.Build.0 = Release|Any CPU
		{7BB2FB04-A389-FC88-DA21-7D36981BC22A}.Debug|Any CPU.ActiveCfg = Debug|Any CPU
		{7BB2FB04-A389-FC88-DA21-7D36981BC22A}.Debug|Any CPU.Build.0 = Debug|Any CPU
		{7BB2FB04-A389-FC88-DA21-7D36981BC22A}.Release|Any CPU.ActiveCfg = Release|Any CPU
		{7BB2FB04-A389-FC88-DA21-7D36981BC22A}.Release|Any CPU.Build.0 = Release|Any CPU
		{E6A8753C-21D5-B28C-406F-5DB31E1FE973}.Debug|Any CPU.ActiveCfg = Debug|Any CPU
		{E6A8753C-21D5-B28C-406F-5DB31E1FE973}.Debug|Any CPU.Build.0 = Debug|Any CPU
		{E6A8753C-21D5-B28C-406F-5DB31E1FE973}.Release|Any CPU.ActiveCfg = Release|Any CPU
		{E6A8753C-21D5-B28C-406F-5DB31E1FE973}.Release|Any CPU.Build.0 = Release|Any CPU
		{85D3A009-1CAC-6529-0235-B4816C7400F3}.Debug|Any CPU.ActiveCfg = Debug|Any CPU
		{85D3A009-1CAC-6529-0235-B4816C7400F3}.Debug|Any CPU.Build.0 = Debug|Any CPU
		{85D3A009-1CAC-6529-0235-B4816C7400F3}.Release|Any CPU.ActiveCfg = Release|Any CPU
		{85D3A009-1CAC-6529-0235-B4816C7400F3}.Release|Any CPU.Build.0 = Release|Any CPU
		{04AEBF30-FE61-6F48-00C1-F26EC265BF23}.Debug|Any CPU.ActiveCfg = Debug|Any CPU
		{04AEBF30-FE61-6F48-00C1-F26EC265BF23}.Debug|Any CPU.Build.0 = Debug|Any CPU
		{04AEBF30-FE61-6F48-00C1-F26EC265BF23}.Release|Any CPU.ActiveCfg = Release|Any CPU
		{04AEBF30-FE61-6F48-00C1-F26EC265BF23}.Release|Any CPU.Build.0 = Release|Any CPU
		{78CE01E8-7B91-C326-5DA8-17AF0DB36939}.Debug|Any CPU.ActiveCfg = Debug|Any CPU
		{78CE01E8-7B91-C326-5DA8-17AF0DB36939}.Debug|Any CPU.Build.0 = Debug|Any CPU
		{78CE01E8-7B91-C326-5DA8-17AF0DB36939}.Release|Any CPU.ActiveCfg = Release|Any CPU
		{78CE01E8-7B91-C326-5DA8-17AF0DB36939}.Release|Any CPU.Build.0 = Release|Any CPU
		{7B874FB7-5B58-5579-1E15-9EF4D6276DF3}.Debug|Any CPU.ActiveCfg = Debug|Any CPU
		{7B874FB7-5B58-5579-1E15-9EF4D6276DF3}.Debug|Any CPU.Build.0 = Debug|Any CPU
		{7B874FB7-5B58-5579-1E15-9EF4D6276DF3}.Release|Any CPU.ActiveCfg = Release|Any CPU
		{7B874FB7-5B58-5579-1E15-9EF4D6276DF3}.Release|Any CPU.Build.0 = Release|Any CPU
		{8F1765D8-BEE6-A5F1-0B4C-754B9882E778}.Debug|Any CPU.ActiveCfg = Debug|Any CPU
		{8F1765D8-BEE6-A5F1-0B4C-754B9882E778}.Debug|Any CPU.Build.0 = Debug|Any CPU
		{8F1765D8-BEE6-A5F1-0B4C-754B9882E778}.Release|Any CPU.ActiveCfg = Release|Any CPU
		{8F1765D8-BEE6-A5F1-0B4C-754B9882E778}.Release|Any CPU.Build.0 = Release|Any CPU
		{3303D466-4E63-6786-DBC1-429392BAE683}.Debug|Any CPU.ActiveCfg = Debug|Any CPU
		{3303D466-4E63-6786-DBC1-429392BAE683}.Debug|Any CPU.Build.0 = Debug|Any CPU
		{3303D466-4E63-6786-DBC1-429392BAE683}.Release|Any CPU.ActiveCfg = Release|Any CPU
		{3303D466-4E63-6786-DBC1-429392BAE683}.Release|Any CPU.Build.0 = Release|Any CPU
		{892C95CC-AD68-3E26-651E-517E89864552}.Debug|Any CPU.ActiveCfg = Debug|Any CPU
		{892C95CC-AD68-3E26-651E-517E89864552}.Debug|Any CPU.Build.0 = Debug|Any CPU
		{892C95CC-AD68-3E26-651E-517E89864552}.Release|Any CPU.ActiveCfg = Release|Any CPU
		{892C95CC-AD68-3E26-651E-517E89864552}.Release|Any CPU.Build.0 = Release|Any CPU
		{A579EEAF-337A-E412-AE87-BC1B7ECCF45C}.Debug|Any CPU.ActiveCfg = Debug|Any CPU
		{A579EEAF-337A-E412-AE87-BC1B7ECCF45C}.Debug|Any CPU.Build.0 = Debug|Any CPU
		{A579EEAF-337A-E412-AE87-BC1B7ECCF45C}.Release|Any CPU.ActiveCfg = Release|Any CPU
		{A579EEAF-337A-E412-AE87-BC1B7ECCF45C}.Release|Any CPU.Build.0 = Release|Any CPU
		{42BFF8F1-408E-A350-047E-553E06565ED8}.Debug|Any CPU.ActiveCfg = Debug|Any CPU
		{42BFF8F1-408E-A350-047E-553E06565ED8}.Debug|Any CPU.Build.0 = Debug|Any CPU
		{42BFF8F1-408E-A350-047E-553E06565ED8}.Release|Any CPU.ActiveCfg = Release|Any CPU
		{42BFF8F1-408E-A350-047E-553E06565ED8}.Release|Any CPU.Build.0 = Release|Any CPU
		{29B346CF-A9B3-727F-8DB3-79E6F35E03A1}.Debug|Any CPU.ActiveCfg = Debug|Any CPU
		{29B346CF-A9B3-727F-8DB3-79E6F35E03A1}.Debug|Any CPU.Build.0 = Debug|Any CPU
		{29B346CF-A9B3-727F-8DB3-79E6F35E03A1}.Release|Any CPU.ActiveCfg = Release|Any CPU
		{29B346CF-A9B3-727F-8DB3-79E6F35E03A1}.Release|Any CPU.Build.0 = Release|Any CPU
		{F6608389-9C88-FD6C-8F06-48C33C91088D}.Debug|Any CPU.ActiveCfg = Debug|Any CPU
		{F6608389-9C88-FD6C-8F06-48C33C91088D}.Debug|Any CPU.Build.0 = Debug|Any CPU
		{F6608389-9C88-FD6C-8F06-48C33C91088D}.Release|Any CPU.ActiveCfg = Release|Any CPU
		{F6608389-9C88-FD6C-8F06-48C33C91088D}.Release|Any CPU.Build.0 = Release|Any CPU
		{0A817EAD-423E-3DD2-95C5-9BB50598842E}.Debug|Any CPU.ActiveCfg = Debug|Any CPU
		{0A817EAD-423E-3DD2-95C5-9BB50598842E}.Debug|Any CPU.Build.0 = Debug|Any CPU
		{0A817EAD-423E-3DD2-95C5-9BB50598842E}.Release|Any CPU.ActiveCfg = Release|Any CPU
		{0A817EAD-423E-3DD2-95C5-9BB50598842E}.Release|Any CPU.Build.0 = Release|Any CPU
		{32CC4F94-F224-8A5A-AB3F-FB3046483B9C}.Debug|Any CPU.ActiveCfg = Debug|Any CPU
		{32CC4F94-F224-8A5A-AB3F-FB3046483B9C}.Debug|Any CPU.Build.0 = Debug|Any CPU
		{32CC4F94-F224-8A5A-AB3F-FB3046483B9C}.Release|Any CPU.ActiveCfg = Release|Any CPU
		{32CC4F94-F224-8A5A-AB3F-FB3046483B9C}.Release|Any CPU.Build.0 = Release|Any CPU
		{57AD9B52-74CC-B1BD-D157-841E0C21C224}.Debug|Any CPU.ActiveCfg = Debug|Any CPU
		{57AD9B52-74CC-B1BD-D157-841E0C21C224}.Debug|Any CPU.Build.0 = Debug|Any CPU
		{57AD9B52-74CC-B1BD-D157-841E0C21C224}.Release|Any CPU.ActiveCfg = Release|Any CPU
		{57AD9B52-74CC-B1BD-D157-841E0C21C224}.Release|Any CPU.Build.0 = Release|Any CPU
		{1A6BCDFD-132A-7C26-6ABC-A7862BDD1815}.Debug|Any CPU.ActiveCfg = Debug|Any CPU
		{1A6BCDFD-132A-7C26-6ABC-A7862BDD1815}.Debug|Any CPU.Build.0 = Debug|Any CPU
		{1A6BCDFD-132A-7C26-6ABC-A7862BDD1815}.Release|Any CPU.ActiveCfg = Release|Any CPU
		{1A6BCDFD-132A-7C26-6ABC-A7862BDD1815}.Release|Any CPU.Build.0 = Release|Any CPU
		{46492EB2-0E13-F8B2-7F0E-EB0578290FB0}.Debug|Any CPU.ActiveCfg = Debug|Any CPU
		{46492EB2-0E13-F8B2-7F0E-EB0578290FB0}.Debug|Any CPU.Build.0 = Debug|Any CPU
		{46492EB2-0E13-F8B2-7F0E-EB0578290FB0}.Release|Any CPU.ActiveCfg = Release|Any CPU
		{46492EB2-0E13-F8B2-7F0E-EB0578290FB0}.Release|Any CPU.Build.0 = Release|Any CPU
		{103A74E6-8EEE-7E1E-79F0-F89FF202FBF2}.Debug|Any CPU.ActiveCfg = Debug|Any CPU
		{103A74E6-8EEE-7E1E-79F0-F89FF202FBF2}.Debug|Any CPU.Build.0 = Debug|Any CPU
		{103A74E6-8EEE-7E1E-79F0-F89FF202FBF2}.Release|Any CPU.ActiveCfg = Release|Any CPU
		{103A74E6-8EEE-7E1E-79F0-F89FF202FBF2}.Release|Any CPU.Build.0 = Release|Any CPU
		{C44ADEA0-F014-4062-ECEC-EDFFB00C49AC}.Debug|Any CPU.ActiveCfg = Debug|Any CPU
		{C44ADEA0-F014-4062-ECEC-EDFFB00C49AC}.Debug|Any CPU.Build.0 = Debug|Any CPU
		{C44ADEA0-F014-4062-ECEC-EDFFB00C49AC}.Release|Any CPU.ActiveCfg = Release|Any CPU
		{C44ADEA0-F014-4062-ECEC-EDFFB00C49AC}.Release|Any CPU.Build.0 = Release|Any CPU
		{CC69FAC7-7942-2DE5-E393-9E624CAB82E4}.Debug|Any CPU.ActiveCfg = Debug|Any CPU
		{CC69FAC7-7942-2DE5-E393-9E624CAB82E4}.Debug|Any CPU.Build.0 = Debug|Any CPU
		{CC69FAC7-7942-2DE5-E393-9E624CAB82E4}.Release|Any CPU.ActiveCfg = Release|Any CPU
		{CC69FAC7-7942-2DE5-E393-9E624CAB82E4}.Release|Any CPU.Build.0 = Release|Any CPU
		{A4776B63-1920-67F3-2498-15B559E767FA}.Debug|Any CPU.ActiveCfg = Debug|Any CPU
		{A4776B63-1920-67F3-2498-15B559E767FA}.Debug|Any CPU.Build.0 = Debug|Any CPU
		{A4776B63-1920-67F3-2498-15B559E767FA}.Release|Any CPU.ActiveCfg = Release|Any CPU
		{A4776B63-1920-67F3-2498-15B559E767FA}.Release|Any CPU.Build.0 = Release|Any CPU
		{BC8B3BFE-BCEC-7EBB-9E9A-C89977C9BE05}.Debug|Any CPU.ActiveCfg = Debug|Any CPU
		{BC8B3BFE-BCEC-7EBB-9E9A-C89977C9BE05}.Debug|Any CPU.Build.0 = Debug|Any CPU
		{BC8B3BFE-BCEC-7EBB-9E9A-C89977C9BE05}.Release|Any CPU.ActiveCfg = Release|Any CPU
		{BC8B3BFE-BCEC-7EBB-9E9A-C89977C9BE05}.Release|Any CPU.Build.0 = Release|Any CPU
		{6B38ADDF-9DE1-E2F5-E331-2FE9B6604A94}.Debug|Any CPU.ActiveCfg = Debug|Any CPU
		{6B38ADDF-9DE1-E2F5-E331-2FE9B6604A94}.Debug|Any CPU.Build.0 = Debug|Any CPU
		{6B38ADDF-9DE1-E2F5-E331-2FE9B6604A94}.Release|Any CPU.ActiveCfg = Release|Any CPU
		{6B38ADDF-9DE1-E2F5-E331-2FE9B6604A94}.Release|Any CPU.Build.0 = Release|Any CPU
		{BAA45C9F-ABE3-A46C-6A84-06F12A4CB5E3}.Debug|Any CPU.ActiveCfg = Debug|Any CPU
		{BAA45C9F-ABE3-A46C-6A84-06F12A4CB5E3}.Debug|Any CPU.Build.0 = Debug|Any CPU
		{BAA45C9F-ABE3-A46C-6A84-06F12A4CB5E3}.Release|Any CPU.ActiveCfg = Release|Any CPU
		{BAA45C9F-ABE3-A46C-6A84-06F12A4CB5E3}.Release|Any CPU.Build.0 = Release|Any CPU
		{2FFA49D6-B012-FC2E-7CB4-B5AE0E0CF846}.Debug|Any CPU.ActiveCfg = Debug|Any CPU
		{2FFA49D6-B012-FC2E-7CB4-B5AE0E0CF846}.Debug|Any CPU.Build.0 = Debug|Any CPU
		{2FFA49D6-B012-FC2E-7CB4-B5AE0E0CF846}.Release|Any CPU.ActiveCfg = Release|Any CPU
		{2FFA49D6-B012-FC2E-7CB4-B5AE0E0CF846}.Release|Any CPU.Build.0 = Release|Any CPU
		{6DB97364-ADB8-BB6A-D3D4-08C2DD15D894}.Debug|Any CPU.ActiveCfg = Debug|Any CPU
		{6DB97364-ADB8-BB6A-D3D4-08C2DD15D894}.Debug|Any CPU.Build.0 = Debug|Any CPU
		{6DB97364-ADB8-BB6A-D3D4-08C2DD15D894}.Release|Any CPU.ActiveCfg = Release|Any CPU
		{6DB97364-ADB8-BB6A-D3D4-08C2DD15D894}.Release|Any CPU.Build.0 = Release|Any CPU
		{F8BAE3D4-6DC7-69BA-3026-AC62F7A4EA27}.Debug|Any CPU.ActiveCfg = Debug|Any CPU
		{F8BAE3D4-6DC7-69BA-3026-AC62F7A4EA27}.Debug|Any CPU.Build.0 = Debug|Any CPU
		{F8BAE3D4-6DC7-69BA-3026-AC62F7A4EA27}.Release|Any CPU.ActiveCfg = Release|Any CPU
		{F8BAE3D4-6DC7-69BA-3026-AC62F7A4EA27}.Release|Any CPU.Build.0 = Release|Any CPU
		{2D8FECA6-F99E-DF9E-2929-88F79C9E0F46}.Debug|Any CPU.ActiveCfg = Debug|Any CPU
		{2D8FECA6-F99E-DF9E-2929-88F79C9E0F46}.Debug|Any CPU.Build.0 = Debug|Any CPU
		{2D8FECA6-F99E-DF9E-2929-88F79C9E0F46}.Release|Any CPU.ActiveCfg = Release|Any CPU
		{2D8FECA6-F99E-DF9E-2929-88F79C9E0F46}.Release|Any CPU.Build.0 = Release|Any CPU
		{CF3B0CE3-EF0D-CBC7-EE26-DAAFFAB4D5E7}.Debug|Any CPU.ActiveCfg = Debug|Any CPU
		{CF3B0CE3-EF0D-CBC7-EE26-DAAFFAB4D5E7}.Debug|Any CPU.Build.0 = Debug|Any CPU
		{CF3B0CE3-EF0D-CBC7-EE26-DAAFFAB4D5E7}.Release|Any CPU.ActiveCfg = Release|Any CPU
		{CF3B0CE3-EF0D-CBC7-EE26-DAAFFAB4D5E7}.Release|Any CPU.Build.0 = Release|Any CPU
		{C2FFA264-5C22-CF33-C8AD-ABA461F8899C}.Debug|Any CPU.ActiveCfg = Debug|Any CPU
		{C2FFA264-5C22-CF33-C8AD-ABA461F8899C}.Debug|Any CPU.Build.0 = Debug|Any CPU
		{C2FFA264-5C22-CF33-C8AD-ABA461F8899C}.Release|Any CPU.ActiveCfg = Release|Any CPU
		{C2FFA264-5C22-CF33-C8AD-ABA461F8899C}.Release|Any CPU.Build.0 = Release|Any CPU
		{2EEC1852-8B02-E0D1-F522-D5623BFC11A0}.Debug|Any CPU.ActiveCfg = Debug|Any CPU
		{2EEC1852-8B02-E0D1-F522-D5623BFC11A0}.Debug|Any CPU.Build.0 = Debug|Any CPU
		{2EEC1852-8B02-E0D1-F522-D5623BFC11A0}.Release|Any CPU.ActiveCfg = Release|Any CPU
		{2EEC1852-8B02-E0D1-F522-D5623BFC11A0}.Release|Any CPU.Build.0 = Release|Any CPU
		{91D5A2FA-C416-6483-5C56-CAA8C9B8E4FD}.Debug|Any CPU.ActiveCfg = Debug|Any CPU
		{91D5A2FA-C416-6483-5C56-CAA8C9B8E4FD}.Debug|Any CPU.Build.0 = Debug|Any CPU
		{91D5A2FA-C416-6483-5C56-CAA8C9B8E4FD}.Release|Any CPU.ActiveCfg = Release|Any CPU
		{91D5A2FA-C416-6483-5C56-CAA8C9B8E4FD}.Release|Any CPU.Build.0 = Release|Any CPU
		{83ADCE60-275B-A2E3-E66E-3C2F72295ADE}.Debug|Any CPU.ActiveCfg = Debug|Any CPU
		{83ADCE60-275B-A2E3-E66E-3C2F72295ADE}.Debug|Any CPU.Build.0 = Debug|Any CPU
		{83ADCE60-275B-A2E3-E66E-3C2F72295ADE}.Release|Any CPU.ActiveCfg = Release|Any CPU
		{83ADCE60-275B-A2E3-E66E-3C2F72295ADE}.Release|Any CPU.Build.0 = Release|Any CPU
	EndGlobalSection
	GlobalSection(SolutionProperties) = preSolution
		HideSolutionNode = FALSE
	EndGlobalSection
EndGlobal
